// !$*UTF8*$!
{
	archiveVersion = 1;
	classes = {
	};
	objectVersion = 46;
	objects = {

/* Begin PBXBuildFile section */
		67247FB81CF58FBA00AE5157 /* CustomView.m in Sources */ = {isa = PBXBuildFile; fileRef = 67247FB61CF58FBA00AE5157 /* CustomView.m */; };
		67247FB91CF58FBA00AE5157 /* CustomView.xib in Resources */ = {isa = PBXBuildFile; fileRef = 67247FB71CF58FBA00AE5157 /* CustomView.xib */; };
		67247FBD1CF58FE000AE5157 /* ViewController.m in Sources */ = {isa = PBXBuildFile; fileRef = 67247FBC1CF58FE000AE5157 /* ViewController.m */; };
		67247FC01CF5900200AE5157 /* SHOWG.TTF in Resources */ = {isa = PBXBuildFile; fileRef = 67247FBF1CF5900200AE5157 /* SHOWG.TTF */; };
		67247FCF1CF5EC4500AE5157 /* MaskImage.m in Sources */ = {isa = PBXBuildFile; fileRef = 67247FCE1CF5EC4500AE5157 /* MaskImage.m */; };
		6724F0991CF432D200FF7ED8 /* main.m in Sources */ = {isa = PBXBuildFile; fileRef = 6724F0981CF432D200FF7ED8 /* main.m */; };
		6724F09C1CF432D200FF7ED8 /* AppDelegate.m in Sources */ = {isa = PBXBuildFile; fileRef = 6724F09B1CF432D200FF7ED8 /* AppDelegate.m */; };
		6724F0A21CF432D200FF7ED8 /* Main.storyboard in Resources */ = {isa = PBXBuildFile; fileRef = 6724F0A01CF432D200FF7ED8 /* Main.storyboard */; };
		6724F0A41CF432D200FF7ED8 /* Assets.xcassets in Resources */ = {isa = PBXBuildFile; fileRef = 6724F0A31CF432D200FF7ED8 /* Assets.xcassets */; };
		6724F0A71CF432D200FF7ED8 /* LaunchScreen.storyboard in Resources */ = {isa = PBXBuildFile; fileRef = 6724F0A51CF432D200FF7ED8 /* LaunchScreen.storyboard */; };
		6725BD801CF72B5600A5CA4B /* custom_font_title_text.ttf in Resources */ = {isa = PBXBuildFile; fileRef = 6725BD7F1CF72ACB00A5CA4B /* custom_font_title_text.ttf */; };
/* End PBXBuildFile section */

/* Begin PBXFileReference section */
		67247FB51CF58FBA00AE5157 /* CustomView.h */ = {isa = PBXFileReference; fileEncoding = 4; lastKnownFileType = sourcecode.c.h; path = CustomView.h; sourceTree = "<group>"; };
		67247FB61CF58FBA00AE5157 /* CustomView.m */ = {isa = PBXFileReference; fileEncoding = 4; lastKnownFileType = sourcecode.c.objc; path = CustomView.m; sourceTree = "<group>"; };
		67247FB71CF58FBA00AE5157 /* CustomView.xib */ = {isa = PBXFileReference; fileEncoding = 4; lastKnownFileType = file.xib; path = CustomView.xib; sourceTree = "<group>"; };
		67247FBB1CF58FE000AE5157 /* ViewController.h */ = {isa = PBXFileReference; fileEncoding = 4; lastKnownFileType = sourcecode.c.h; path = ViewController.h; sourceTree = "<group>"; };
		67247FBC1CF58FE000AE5157 /* ViewController.m */ = {isa = PBXFileReference; fileEncoding = 4; lastKnownFileType = sourcecode.c.objc; path = ViewController.m; sourceTree = "<group>"; };
		67247FBF1CF5900200AE5157 /* SHOWG.TTF */ = {isa = PBXFileReference; lastKnownFileType = file; path = SHOWG.TTF; sourceTree = "<group>"; };
		67247FCD1CF5EC4500AE5157 /* MaskImage.h */ = {isa = PBXFileReference; fileEncoding = 4; lastKnownFileType = sourcecode.c.h; path = MaskImage.h; sourceTree = "<group>"; };
		67247FCE1CF5EC4500AE5157 /* MaskImage.m */ = {isa = PBXFileReference; fileEncoding = 4; lastKnownFileType = sourcecode.c.objc; path = MaskImage.m; sourceTree = "<group>"; };
		6724F0941CF432D200FF7ED8 /* Test.app */ = {isa = PBXFileReference; explicitFileType = wrapper.application; includeInIndex = 0; path = Test.app; sourceTree = BUILT_PRODUCTS_DIR; };
		6724F0981CF432D200FF7ED8 /* main.m */ = {isa = PBXFileReference; lastKnownFileType = sourcecode.c.objc; path = main.m; sourceTree = "<group>"; };
		6724F09A1CF432D200FF7ED8 /* AppDelegate.h */ = {isa = PBXFileReference; lastKnownFileType = sourcecode.c.h; path = AppDelegate.h; sourceTree = "<group>"; };
		6724F09B1CF432D200FF7ED8 /* AppDelegate.m */ = {isa = PBXFileReference; lastKnownFileType = sourcecode.c.objc; path = AppDelegate.m; sourceTree = "<group>"; };
		6724F0A11CF432D200FF7ED8 /* Base */ = {isa = PBXFileReference; lastKnownFileType = file.storyboard; name = Base; path = Base.lproj/Main.storyboard; sourceTree = "<group>"; };
		6724F0A31CF432D200FF7ED8 /* Assets.xcassets */ = {isa = PBXFileReference; lastKnownFileType = folder.assetcatalog; path = Assets.xcassets; sourceTree = "<group>"; };
		6724F0A61CF432D200FF7ED8 /* Base */ = {isa = PBXFileReference; lastKnownFileType = file.storyboard; name = Base; path = Base.lproj/LaunchScreen.storyboard; sourceTree = "<group>"; };
		6724F0A81CF432D200FF7ED8 /* Info.plist */ = {isa = PBXFileReference; lastKnownFileType = text.plist.xml; path = Info.plist; sourceTree = "<group>"; };
		6725BD7F1CF72ACB00A5CA4B /* custom_font_title_text.ttf */ = {isa = PBXFileReference; lastKnownFileType = file; path = custom_font_title_text.ttf; sourceTree = "<group>"; };
/* End PBXFileReference section */

/* Begin PBXFrameworksBuildPhase section */
		6724F0911CF432D200FF7ED8 /* Frameworks */ = {
			isa = PBXFrameworksBuildPhase;
			buildActionMask = 2147483647;
			files = (
			);
			runOnlyForDeploymentPostprocessing = 0;
		};
/* End PBXFrameworksBuildPhase section */

/* Begin PBXGroup section */
		67247FB41CF58FBA00AE5157 /* CustomView */ = {
			isa = PBXGroup;
			children = (
				67247FB51CF58FBA00AE5157 /* CustomView.h */,
				67247FB61CF58FBA00AE5157 /* CustomView.m */,
				67247FB71CF58FBA00AE5157 /* CustomView.xib */,
			);
			path = CustomView;
			sourceTree = "<group>";
		};
		67247FBA1CF58FE000AE5157 /* ViewControllers */ = {
			isa = PBXGroup;
			children = (
				67247FBB1CF58FE000AE5157 /* ViewController.h */,
				67247FBC1CF58FE000AE5157 /* ViewController.m */,
			);
			path = ViewControllers;
			sourceTree = "<group>";
		};
		67247FBE1CF5900200AE5157 /* Fonts */ = {
			isa = PBXGroup;
			children = (
				67247FBF1CF5900200AE5157 /* SHOWG.TTF */,
				6725BD7F1CF72ACB00A5CA4B /* custom_font_title_text.ttf */,
			);
			path = Fonts;
			sourceTree = "<group>";
		};
		67247FCB1CF5EC3300AE5157 /* Models */ = {
			isa = PBXGroup;
			children = (
				67247FCC1CF5EC3300AE5157 /* MaksImage */,
			);
			path = Models;
			sourceTree = "<group>";
		};
		67247FCC1CF5EC3300AE5157 /* MaksImage */ = {
			isa = PBXGroup;
			children = (
				67247FCD1CF5EC4500AE5157 /* MaskImage.h */,
				67247FCE1CF5EC4500AE5157 /* MaskImage.m */,
			);
			path = MaksImage;
			sourceTree = "<group>";
		};
		6724F08B1CF432D200FF7ED8 = {
			isa = PBXGroup;
			children = (
				6724F0961CF432D200FF7ED8 /* Test */,
				6724F0951CF432D200FF7ED8 /* Products */,
			);
			sourceTree = "<group>";
		};
		6724F0951CF432D200FF7ED8 /* Products */ = {
			isa = PBXGroup;
			children = (
				6724F0941CF432D200FF7ED8 /* Test.app */,
			);
			name = Products;
			sourceTree = "<group>";
		};
		6724F0961CF432D200FF7ED8 /* Test */ = {
			isa = PBXGroup;
			children = (
				6724F09A1CF432D200FF7ED8 /* AppDelegate.h */,
				6724F09B1CF432D200FF7ED8 /* AppDelegate.m */,
				6724F0A01CF432D200FF7ED8 /* Main.storyboard */,
				67247FBA1CF58FE000AE5157 /* ViewControllers */,
				67247FB41CF58FBA00AE5157 /* CustomView */,
				67247FCB1CF5EC3300AE5157 /* Models */,
				67247FBE1CF5900200AE5157 /* Fonts */,
				6724F0A31CF432D200FF7ED8 /* Assets.xcassets */,
				6724F0A51CF432D200FF7ED8 /* LaunchScreen.storyboard */,
				6724F0A81CF432D200FF7ED8 /* Info.plist */,
				6724F0971CF432D200FF7ED8 /* Supporting Files */,
			);
			path = Test;
			sourceTree = "<group>";
		};
		6724F0971CF432D200FF7ED8 /* Supporting Files */ = {
			isa = PBXGroup;
			children = (
				6724F0981CF432D200FF7ED8 /* main.m */,
			);
			name = "Supporting Files";
			sourceTree = "<group>";
		};
/* End PBXGroup section */

/* Begin PBXNativeTarget section */
		6724F0931CF432D200FF7ED8 /* Test */ = {
			isa = PBXNativeTarget;
			buildConfigurationList = 6724F0AB1CF432D200FF7ED8 /* Build configuration list for PBXNativeTarget "Test" */;
			buildPhases = (
				6724F0901CF432D200FF7ED8 /* Sources */,
				6724F0911CF432D200FF7ED8 /* Frameworks */,
				6724F0921CF432D200FF7ED8 /* Resources */,
			);
			buildRules = (
			);
			dependencies = (
			);
			name = Test;
			productName = Test;
			productReference = 6724F0941CF432D200FF7ED8 /* Test.app */;
			productType = "com.apple.product-type.application";
		};
/* End PBXNativeTarget section */

/* Begin PBXProject section */
		6724F08C1CF432D200FF7ED8 /* Project object */ = {
			isa = PBXProject;
			attributes = {
				LastUpgradeCheck = 0730;
				ORGANIZATIONNAME = "Jawad Ahmad";
				TargetAttributes = {
					6724F0931CF432D200FF7ED8 = {
						CreatedOnToolsVersion = 7.3.1;
					};
				};
			};
			buildConfigurationList = 6724F08F1CF432D200FF7ED8 /* Build configuration list for PBXProject "Test" */;
			compatibilityVersion = "Xcode 3.2";
			developmentRegion = English;
			hasScannedForEncodings = 0;
			knownRegions = (
				en,
				Base,
			);
			mainGroup = 6724F08B1CF432D200FF7ED8;
			productRefGroup = 6724F0951CF432D200FF7ED8 /* Products */;
			projectDirPath = "";
			projectRoot = "";
			targets = (
				6724F0931CF432D200FF7ED8 /* Test */,
			);
		};
/* End PBXProject section */

/* Begin PBXResourcesBuildPhase section */
		6724F0921CF432D200FF7ED8 /* Resources */ = {
			isa = PBXResourcesBuildPhase;
			buildActionMask = 2147483647;
			files = (
				6724F0A71CF432D200FF7ED8 /* LaunchScreen.storyboard in Resources */,
				67247FB91CF58FBA00AE5157 /* CustomView.xib in Resources */,
				6725BD801CF72B5600A5CA4B /* custom_font_title_text.ttf in Resources */,
				6724F0A41CF432D200FF7ED8 /* Assets.xcassets in Resources */,
				6724F0A21CF432D200FF7ED8 /* Main.storyboard in Resources */,
				67247FC01CF5900200AE5157 /* SHOWG.TTF in Resources */,
			);
			runOnlyForDeploymentPostprocessing = 0;
		};
/* End PBXResourcesBuildPhase section */

/* Begin PBXSourcesBuildPhase section */
		6724F0901CF432D200FF7ED8 /* Sources */ = {
			isa = PBXSourcesBuildPhase;
			buildActionMask = 2147483647;
			files = (
				67247FB81CF58FBA00AE5157 /* CustomView.m in Sources */,
				6724F09C1CF432D200FF7ED8 /* AppDelegate.m in Sources */,
				6724F0991CF432D200FF7ED8 /* main.m in Sources */,
				67247FBD1CF58FE000AE5157 /* ViewController.m in Sources */,
				67247FCF1CF5EC4500AE5157 /* MaskImage.m in Sources */,
			);
			runOnlyForDeploymentPostprocessing = 0;
		};
/* End PBXSourcesBuildPhase section */

/* Begin PBXVariantGroup section */
		6724F0A01CF432D200FF7ED8 /* Main.storyboard */ = {
			isa = PBXVariantGroup;
			children = (
				6724F0A11CF432D200FF7ED8 /* Base */,
			);
			name = Main.storyboard;
			sourceTree = "<group>";
		};
		6724F0A51CF432D200FF7ED8 /* LaunchScreen.storyboard */ = {
			isa = PBXVariantGroup;
			children = (
				6724F0A61CF432D200FF7ED8 /* Base */,
			);
			name = LaunchScreen.storyboard;
			sourceTree = "<group>";
		};
/* End PBXVariantGroup section */

/* Begin XCBuildConfiguration section */
		6724F0A91CF432D200FF7ED8 /* Debug */ = {
			isa = XCBuildConfiguration;
			buildSettings = {
				ALWAYS_SEARCH_USER_PATHS = NO;
				CLANG_ANALYZER_NONNULL = YES;
				CLANG_CXX_LANGUAGE_STANDARD = "gnu++0x";
				CLANG_CXX_LIBRARY = "libc++";
				CLANG_ENABLE_MODULES = YES;
				CLANG_ENABLE_OBJC_ARC = YES;
				CLANG_WARN_BOOL_CONVERSION = YES;
				CLANG_WARN_CONSTANT_CONVERSION = YES;
				CLANG_WARN_DIRECT_OBJC_ISA_USAGE = YES_ERROR;
				CLANG_WARN_EMPTY_BODY = YES;
				CLANG_WARN_ENUM_CONVERSION = YES;
				CLANG_WARN_INT_CONVERSION = YES;
				CLANG_WARN_OBJC_ROOT_CLASS = YES_ERROR;
				CLANG_WARN_UNREACHABLE_CODE = YES;
				CLANG_WARN__DUPLICATE_METHOD_MATCH = YES;
				"CODE_SIGN_IDENTITY[sdk=iphoneos*]" = "iPhone Developer";
				COPY_PHASE_STRIP = NO;
				DEBUG_INFORMATION_FORMAT = dwarf;
				ENABLE_STRICT_OBJC_MSGSEND = YES;
				ENABLE_TESTABILITY = YES;
				GCC_C_LANGUAGE_STANDARD = gnu99;
				GCC_DYNAMIC_NO_PIC = NO;
				GCC_NO_COMMON_BLOCKS = YES;
				GCC_OPTIMIZATION_LEVEL = 0;
				GCC_PREPROCESSOR_DEFINITIONS = (
					"DEBUG=1",
					"$(inherited)",
				);
				GCC_WARN_64_TO_32_BIT_CONVERSION = YES;
				GCC_WARN_ABOUT_RETURN_TYPE = YES_ERROR;
				GCC_WARN_UNDECLARED_SELECTOR = YES;
				GCC_WARN_UNINITIALIZED_AUTOS = YES_AGGRESSIVE;
				GCC_WARN_UNUSED_FUNCTION = YES;
				GCC_WARN_UNUSED_VARIABLE = YES;
				IPHONEOS_DEPLOYMENT_TARGET = 9.3;
				MTL_ENABLE_DEBUG_INFO = YES;
				ONLY_ACTIVE_ARCH = YES;
				SDKROOT = iphoneos;
			};
			name = Debug;
		};
		6724F0AA1CF432D200FF7ED8 /* Release */ = {
			isa = XCBuildConfiguration;
			buildSettings = {
				ALWAYS_SEARCH_USER_PATHS = NO;
				CLANG_ANALYZER_NONNULL = YES;
				CLANG_CXX_LANGUAGE_STANDARD = "gnu++0x";
				CLANG_CXX_LIBRARY = "libc++";
				CLANG_ENABLE_MODULES = YES;
				CLANG_ENABLE_OBJC_ARC = YES;
				CLANG_WARN_BOOL_CONVERSION = YES;
				CLANG_WARN_CONSTANT_CONVERSION = YES;
				CLANG_WARN_DIRECT_OBJC_ISA_USAGE = YES_ERROR;
				CLANG_WARN_EMPTY_BODY = YES;
				CLANG_WARN_ENUM_CONVERSION = YES;
				CLANG_WARN_INT_CONVERSION = YES;
				CLANG_WARN_OBJC_ROOT_CLASS = YES_ERROR;
				CLANG_WARN_UNREACHABLE_CODE = YES;
				CLANG_WARN__DUPLICATE_METHOD_MATCH = YES;
				"CODE_SIGN_IDENTITY[sdk=iphoneos*]" = "iPhone Developer";
				COPY_PHASE_STRIP = NO;
				DEBUG_INFORMATION_FORMAT = "dwarf-with-dsym";
				ENABLE_NS_ASSERTIONS = NO;
				ENABLE_STRICT_OBJC_MSGSEND = YES;
				GCC_C_LANGUAGE_STANDARD = gnu99;
				GCC_NO_COMMON_BLOCKS = YES;
				GCC_WARN_64_TO_32_BIT_CONVERSION = YES;
				GCC_WARN_ABOUT_RETURN_TYPE = YES_ERROR;
				GCC_WARN_UNDECLARED_SELECTOR = YES;
				GCC_WARN_UNINITIALIZED_AUTOS = YES_AGGRESSIVE;
				GCC_WARN_UNUSED_FUNCTION = YES;
				GCC_WARN_UNUSED_VARIABLE = YES;
				IPHONEOS_DEPLOYMENT_TARGET = 9.3;
				MTL_ENABLE_DEBUG_INFO = NO;
				SDKROOT = iphoneos;
				VALIDATE_PRODUCT = YES;
			};
			name = Release;
		};
		6724F0AC1CF432D200FF7ED8 /* Debug */ = {
			isa = XCBuildConfiguration;
			buildSettings = {
				ASSETCATALOG_COMPILER_APPICON_NAME = AppIcon;
				INFOPLIST_FILE = Test/Info.plist;
				LD_RUNPATH_SEARCH_PATHS = "$(inherited) @executable_path/Frameworks";
				PRODUCT_BUNDLE_IDENTIFIER = com.test.Test;
				PRODUCT_NAME = "$(TARGET_NAME)";
			};
			name = Debug;
		};
		6724F0AD1CF432D200FF7ED8 /* Release */ = {
			isa = XCBuildConfiguration;
			buildSettings = {
				ASSETCATALOG_COMPILER_APPICON_NAME = AppIcon;
				INFOPLIST_FILE = Test/Info.plist;
				LD_RUNPATH_SEARCH_PATHS = "$(inherited) @executable_path/Frameworks";
				PRODUCT_BUNDLE_IDENTIFIER = com.test.Test;
				PRODUCT_NAME = "$(TARGET_NAME)";
			};
			name = Release;
		};
/* End XCBuildConfiguration section */

/* Begin XCConfigurationList section */
		6724F08F1CF432D200FF7ED8 /* Build configuration list for PBXProject "Test" */ = {
			isa = XCConfigurationList;
			buildConfigurations = (
				6724F0A91CF432D200FF7ED8 /* Debug */,
				6724F0AA1CF432D200FF7ED8 /* Release */,
			);
			defaultConfigurationIsVisible = 0;
			defaultConfigurationName = Release;
		};
		6724F0AB1CF432D200FF7ED8 /* Build configuration list for PBXNativeTarget "Test" */ = {
			isa = XCConfigurationList;
			buildConfigurations = (
				6724F0AC1CF432D200FF7ED8 /* Debug */,
				6724F0AD1CF432D200FF7ED8 /* Release */,
			);
			defaultConfigurationIsVisible = 0;
			defaultConfigurationName = Release;
		};
/* End XCConfigurationList section */
	};
	rootObject = 6724F08C1CF432D200FF7ED8 /* Project object */;
}
